{
    "_readme": [
        "This file locks the dependencies of your project to a known state",
        "Read more about it at https://getcomposer.org/doc/01-basic-usage.md#installing-dependencies",
        "This file is @generated automatically"
    ],
    "content-hash": "81838de364997973c176ca2ed6b912f9",
    "packages": [
        {
            "name": "php-curl-class/php-curl-class",
            "version": "11.0.0",
            "source": {
                "type": "git",
                "url": "https://github.com/php-curl-class/php-curl-class.git",
                "reference": "db6f650c474c9ee01675f7657b2390eba9520e1a"
            },
            "dist": {
                "type": "zip",
                "url": "https://api.github.com/repos/php-curl-class/php-curl-class/zipball/db6f650c474c9ee01675f7657b2390eba9520e1a",
                "reference": "db6f650c474c9ee01675f7657b2390eba9520e1a",
                "shasum": ""
            },
            "require": {
                "ext-curl": "*",
                "php": ">=7.4"
            },
            "require-dev": {
                "dealerdirect/phpcodesniffer-composer-installer": "*",
                "ext-gd": "*",
                "friendsofphp/php-cs-fixer": "*",
                "phpcompatibility/php-compatibility": "dev-develop",
                "phpcsstandards/phpcsutils": "@alpha",
                "phpunit/phpunit": "*",
                "squizlabs/php_codesniffer": "*",
                "vimeo/psalm": ">=5.25.0"
            },
            "suggest": {
                "ext-mbstring": "*"
            },
            "type": "library",
            "autoload": {
                "psr-4": {
                    "Curl\\": "src/Curl/"
                }
            },
            "notification-url": "https://packagist.org/downloads/",
            "license": [
                "Unlicense"
            ],
            "authors": [
                {
                    "name": "Zach Borboa"
                },
                {
                    "name": "Contributors",
                    "homepage": "https://github.com/php-curl-class/php-curl-class/graphs/contributors"
                }
            ],
            "description": "PHP Curl Class makes it easy to send HTTP requests and integrate with web APIs.",
            "homepage": "https://github.com/php-curl-class/php-curl-class",
            "keywords": [
                "API-Client",
                "api",
                "class",
                "client",
                "curl",
                "framework",
                "http",
                "http-client",
                "http-proxy",
                "json",
                "php",
                "php-curl",
                "php-curl-library",
                "proxy",
                "requests",
                "restful",
                "web-scraper",
                "web-scraping ",
                "web-service",
                "xml"
            ],
            "support": {
                "issues": "https://github.com/php-curl-class/php-curl-class/issues",
                "source": "https://github.com/php-curl-class/php-curl-class/tree/11.0.0"
            },
            "time": "2024-08-22T18:03:48+00:00"
        }
    ],
    "packages-dev": [],
    "aliases": [],
    "minimum-stability": "stable",
    "stability-flags": [],
    "prefer-stable": false,
    "prefer-lowest": false,
    "platform": {
        "php": ">=7.4"
    },
    "platform-dev": [],
    "plugin-api-version": "2.3.0"
}
